
Microsoft Visual Studio Solution File, Format Version 12.00
# Visual Studio 15
Project("{FAE04EC0-301F-11D3-BF4B-00C04F79EFBC}") = "Assembly-CSharp", "Assembly-CSharp.csproj", "{EAFAF328-6810-D369-E8D0-627012CC9CE0}"
EndProject
Project("{FAE04EC0-301F-11D3-BF4B-00C04F79EFBC}") = "Assembly-CSharp-firstpass", "Assembly-CSharp-firstpass.csproj", "{1A5AAED1-EDC6-44CB-56F5-EBA84F68322A}"
EndProject
Project("{FAE04EC0-301F-11D3-BF4B-00C04F79EFBC}") = "NavMeshComponents", "NavMeshComponents.csproj", "{EF4B1658-8835-1A75-8E80-DE964618A870}"
EndProject
Project("{FAE04EC0-301F-11D3-BF4B-00C04F79EFBC}") = "NavMeshComponentsEditor", "NavMeshComponentsEditor.csproj", "{6B54AE43-38D1-B36B-C31B-17B3C270FB04}"
EndProject
Project("{FAE04EC0-301F-11D3-BF4B-00C04F79EFBC}") = "Assembly-CSharp-Editor-firstpass", "Assembly-CSharp-Editor-firstpass.csproj", "{C9112FE2-5447-271E-2896-023E5A8BC07B}"
EndProject
Global
	GlobalSection(SolutionConfigurationPlatforms) = preSolution
		Debug|Any CPU = Debug|Any CPU
		Release|Any CPU = Release|Any CPU
	EndGlobalSection
	GlobalSection(ProjectConfigurationPlatforms) = postSolution
		{EAFAF328-6810-D369-E8D0-627012CC9CE0}.Debug|Any CPU.ActiveCfg = Debug|Any CPU
		{EAFAF328-6810-D369-E8D0-627012CC9CE0}.Debug|Any CPU.Build.0 = Debug|Any CPU
		{EAFAF328-6810-D369-E8D0-627012CC9CE0}.Release|Any CPU.ActiveCfg = Release|Any CPU
		{EAFAF328-6810-D369-E8D0-627012CC9CE0}.Release|Any CPU.Build.0 = Release|Any CPU
		{1A5AAED1-EDC6-44CB-56F5-EBA84F68322A}.Debug|Any CPU.ActiveCfg = Debug|Any CPU
		{1A5AAED1-EDC6-44CB-56F5-EBA84F68322A}.Debug|Any CPU.Build.0 = Debug|Any CPU
		{1A5AAED1-EDC6-44CB-56F5-EBA84F68322A}.Release|Any CPU.ActiveCfg = Release|Any CPU
		{1A5AAED1-EDC6-44CB-56F5-EBA84F68322A}.Release|Any CPU.Build.0 = Release|Any CPU
		{EF4B1658-8835-1A75-8E80-DE964618A870}.Debug|Any CPU.ActiveCfg = Debug|Any CPU
		{EF4B1658-8835-1A75-8E80-DE964618A870}.Debug|Any CPU.Build.0 = Debug|Any CPU
		{EF4B1658-8835-1A75-8E80-DE964618A870}.Release|Any CPU.ActiveCfg = Release|Any CPU
		{EF4B1658-8835-1A75-8E80-DE964618A870}.Release|Any CPU.Build.0 = Release|Any CPU
		{6B54AE43-38D1-B36B-C31B-17B3C270FB04}.Debug|Any CPU.ActiveCfg = Debug|Any CPU
		{6B54AE43-38D1-B36B-C31B-17B3C270FB04}.Debug|Any CPU.Build.0 = Debug|Any CPU
		{6B54AE43-38D1-B36B-C31B-17B3C270FB04}.Release|Any CPU.ActiveCfg = Release|Any CPU
		{6B54AE43-38D1-B36B-C31B-17B3C270FB04}.Release|Any CPU.Build.0 = Release|Any CPU
		{C9112FE2-5447-271E-2896-023E5A8BC07B}.Debug|Any CPU.ActiveCfg = Debug|Any CPU
		{C9112FE2-5447-271E-2896-023E5A8BC07B}.Debug|Any CPU.Build.0 = Debug|Any CPU
		{C9112FE2-5447-271E-2896-023E5A8BC07B}.Release|Any CPU.ActiveCfg = Release|Any CPU
		{C9112FE2-5447-271E-2896-023E5A8BC07B}.Release|Any CPU.Build.0 = Release|Any CPU
	EndGlobalSection
	GlobalSection(SolutionProperties) = preSolution
		HideSolutionNode = FALSE
	EndGlobalSection
EndGlobal
